// !$*UTF8*$!
{
	archiveVersion = 1;
	classes = {
	};
	objectVersion = 48;
	objects = {

/* Begin PBXBuildFile section */
		0D2429F4228ED2490075C549 /* MainTableViewController.m in Sources */ = {isa = PBXBuildFile; fileRef = 0D2429F3228ED2490075C549 /* MainTableViewController.m */; };
		0DDAA3172293D3A20063F88C /* notify.caf in Resources */ = {isa = PBXBuildFile; fileRef = 0DDAA3152293D3A20063F88C /* notify.caf */; };
		0DDAA3182293D3A20063F88C /* phone.wav in Resources */ = {isa = PBXBuildFile; fileRef = 0DDAA3162293D3A20063F88C /* phone.wav */; };
		0DDAA31B2293D9570063F88C /* LaunchScreen.storyboard in Resources */ = {isa = PBXBuildFile; fileRef = 0DDAA31A2293D9570063F88C /* LaunchScreen.storyboard */; };
		DEFF64071F7E2FF300230AD3 /* AppDelegate.m in Sources */ = {isa = PBXBuildFile; fileRef = DEFF64061F7E2FF300230AD3 /* AppDelegate.m */; };
		DEFF640D1F7E2FF300230AD3 /* Main.storyboard in Resources */ = {isa = PBXBuildFile; fileRef = DEFF640B1F7E2FF300230AD3 /* Main.storyboard */; };
		DEFF640F1F7E2FF300230AD3 /* Assets.xcassets in Resources */ = {isa = PBXBuildFile; fileRef = DEFF640E1F7E2FF300230AD3 /* Assets.xcassets */; };
		DEFF64151F7E2FF300230AD3 /* main.m in Sources */ = {isa = PBXBuildFile; fileRef = DEFF64141F7E2FF300230AD3 /* main.m */; };
		DEFF64201F7E341100230AD3 /* AppDelegate+Push.m in Sources */ = {isa = PBXBuildFile; fileRef = DEFF641F1F7E341100230AD3 /* AppDelegate+Push.m */; };
/* End PBXBuildFile section */

/* Begin PBXFileReference section */
		0D2429F2228ED2490075C549 /* MainTableViewController.h */ = {isa = PBXFileReference; lastKnownFileType = sourcecode.c.h; path = MainTableViewController.h; sourceTree = "<group>"; };
		0D2429F3228ED2490075C549 /* MainTableViewController.m */ = {isa = PBXFileReference; lastKnownFileType = sourcecode.c.objc; path = MainTableViewController.m; sourceTree = "<group>"; };
		0DDAA3142293C3C20063F88C /* iOSNotificationPush.entitlements */ = {isa = PBXFileReference; lastKnownFileType = text.plist.entitlements; path = iOSNotificationPush.entitlements; sourceTree = "<group>"; };
		0DDAA3152293D3A20063F88C /* notify.caf */ = {isa = PBXFileReference; lastKnownFileType = file; path = notify.caf; sourceTree = "<group>"; };
		0DDAA3162293D3A20063F88C /* phone.wav */ = {isa = PBXFileReference; lastKnownFileType = audio.wav; path = phone.wav; sourceTree = "<group>"; };
		0DDAA31A2293D9570063F88C /* LaunchScreen.storyboard */ = {isa = PBXFileReference; lastKnownFileType = file.storyboard; path = LaunchScreen.storyboard; sourceTree = "<group>"; };
		DEFF64021F7E2FF300230AD3 /* iOSNotificationPush.app */ = {isa = PBXFileReference; explicitFileType = wrapper.application; includeInIndex = 0; path = iOSNotificationPush.app; sourceTree = BUILT_PRODUCTS_DIR; };
		DEFF64051F7E2FF300230AD3 /* AppDelegate.h */ = {isa = PBXFileReference; lastKnownFileType = sourcecode.c.h; path = AppDelegate.h; sourceTree = "<group>"; };
		DEFF64061F7E2FF300230AD3 /* AppDelegate.m */ = {isa = PBXFileReference; lastKnownFileType = sourcecode.c.objc; path = AppDelegate.m; sourceTree = "<group>"; };
		DEFF640C1F7E2FF300230AD3 /* Base */ = {isa = PBXFileReference; lastKnownFileType = file.storyboard; name = Base; path = Base.lproj/Main.storyboard; sourceTree = "<group>"; };
		DEFF640E1F7E2FF300230AD3 /* Assets.xcassets */ = {isa = PBXFileReference; lastKnownFileType = folder.assetcatalog; path = Assets.xcassets; sourceTree = "<group>"; };
		DEFF64131F7E2FF300230AD3 /* Info.plist */ = {isa = PBXFileReference; lastKnownFileType = text.plist.xml; path = Info.plist; sourceTree = "<group>"; };
		DEFF64141F7E2FF300230AD3 /* main.m */ = {isa = PBXFileReference; lastKnownFileType = sourcecode.c.objc; path = main.m; sourceTree = "<group>"; };
		DEFF641E1F7E341100230AD3 /* AppDelegate+Push.h */ = {isa = PBXFileReference; lastKnownFileType = sourcecode.c.h; path = "AppDelegate+Push.h"; sourceTree = "<group>"; };
		DEFF641F1F7E341100230AD3 /* AppDelegate+Push.m */ = {isa = PBXFileReference; lastKnownFileType = sourcecode.c.objc; path = "AppDelegate+Push.m"; sourceTree = "<group>"; };
/* End PBXFileReference section */

/* Begin PBXFrameworksBuildPhase section */
		DEFF63FF1F7E2FF300230AD3 /* Frameworks */ = {
			isa = PBXFrameworksBuildPhase;
			buildActionMask = 2147483647;
			files = (
			);
			runOnlyForDeploymentPostprocessing = 0;
		};
/* End PBXFrameworksBuildPhase section */

/* Begin PBXGroup section */
		0DDAA3192293D3A80063F88C /* Resources */ = {
			isa = PBXGroup;
			children = (
				0DDAA3152293D3A20063F88C /* notify.caf */,
				0DDAA3162293D3A20063F88C /* phone.wav */,
			);
			path = Resources;
			sourceTree = "<group>";
		};
		DEFF63F91F7E2FF300230AD3 = {
			isa = PBXGroup;
			children = (
				DEFF64041F7E2FF300230AD3 /* iOSNotificationPush */,
				DEFF64031F7E2FF300230AD3 /* Products */,
			);
			sourceTree = "<group>";
		};
		DEFF64031F7E2FF300230AD3 /* Products */ = {
			isa = PBXGroup;
			children = (
				DEFF64021F7E2FF300230AD3 /* iOSNotificationPush.app */,
			);
			name = Products;
			sourceTree = "<group>";
		};
		DEFF64041F7E2FF300230AD3 /* iOSNotificationPush */ = {
			isa = PBXGroup;
			children = (
				0DDAA3142293C3C20063F88C /* iOSNotificationPush.entitlements */,
				DEFF64051F7E2FF300230AD3 /* AppDelegate.h */,
				DEFF64061F7E2FF300230AD3 /* AppDelegate.m */,
				DEFF641E1F7E341100230AD3 /* AppDelegate+Push.h */,
				DEFF641F1F7E341100230AD3 /* AppDelegate+Push.m */,
				0D2429F2228ED2490075C549 /* MainTableViewController.h */,
				0D2429F3228ED2490075C549 /* MainTableViewController.m */,
				DEFF640B1F7E2FF300230AD3 /* Main.storyboard */,
				0DDAA31A2293D9570063F88C /* LaunchScreen.storyboard */,
				DEFF640E1F7E2FF300230AD3 /* Assets.xcassets */,
				0DDAA3192293D3A80063F88C /* Resources */,
				DEFF64131F7E2FF300230AD3 /* Info.plist */,
				DEFF64141F7E2FF300230AD3 /* main.m */,
			);
			path = iOSNotificationPush;
			sourceTree = "<group>";
		};
/* End PBXGroup section */

/* Begin PBXNativeTarget section */
		DEFF64011F7E2FF300230AD3 /* iOSNotificationPush */ = {
			isa = PBXNativeTarget;
			buildConfigurationList = DEFF64181F7E2FF300230AD3 /* Build configuration list for PBXNativeTarget "iOSNotificationPush" */;
			buildPhases = (
				DEFF63FE1F7E2FF300230AD3 /* Sources */,
				DEFF63FF1F7E2FF300230AD3 /* Frameworks */,
				DEFF64001F7E2FF300230AD3 /* Resources */,
			);
			buildRules = (
			);
			dependencies = (
			);
			name = iOSNotificationPush;
			productName = iOSRemoteNotificationPush;
			productReference = DEFF64021F7E2FF300230AD3 /* iOSNotificationPush.app */;
			productType = "com.apple.product-type.application";
		};
/* End PBXNativeTarget section */

/* Begin PBXProject section */
		DEFF63FA1F7E2FF300230AD3 /* Project object */ = {
			isa = PBXProject;
			attributes = {
				LastUpgradeCheck = 0900;
				ORGANIZATIONNAME = viviwu;
				TargetAttributes = {
					DEFF64011F7E2FF300230AD3 = {
						CreatedOnToolsVersion = 9.0;
						ProvisioningStyle = Automatic;
						SystemCapabilities = {
							com.apple.BackgroundModes = {
								enabled = 1;
							};
							com.apple.Push = {
								enabled = 1;
							};
						};
					};
				};
			};
			buildConfigurationList = DEFF63FD1F7E2FF300230AD3 /* Build configuration list for PBXProject "iOSNotificationPush" */;
			compatibilityVersion = "Xcode 8.0";
			developmentRegion = en;
			hasScannedForEncodings = 0;
			knownRegions = (
				en,
				Base,
			);
			mainGroup = DEFF63F91F7E2FF300230AD3;
			productRefGroup = DEFF64031F7E2FF300230AD3 /* Products */;
			projectDirPath = "";
			projectRoot = "";
			targets = (
				DEFF64011F7E2FF300230AD3 /* iOSNotificationPush */,
			);
		};
/* End PBXProject section */

/* Begin PBXResourcesBuildPhase section */
		DEFF64001F7E2FF300230AD3 /* Resources */ = {
			isa = PBXResourcesBuildPhase;
			buildActionMask = 2147483647;
			files = (
				DEFF640F1F7E2FF300230AD3 /* Assets.xcassets in Resources */,
				DEFF640D1F7E2FF300230AD3 /* Main.storyboard in Resources */,
				0DDAA3182293D3A20063F88C /* phone.wav in Resources */,
				0DDAA31B2293D9570063F88C /* LaunchScreen.storyboard in Resources */,
				0DDAA3172293D3A20063F88C /* notify.caf in Resources */,
			);
			runOnlyForDeploymentPostprocessing = 0;
		};
/* End PBXResourcesBuildPhase section */

/* Begin PBXSourcesBuildPhase section */
		DEFF63FE1F7E2FF300230AD3 /* Sources */ = {
			isa = PBXSourcesBuildPhase;
			buildActionMask = 2147483647;
			files = (
				DEFF64201F7E341100230AD3 /* AppDelegate+Push.m in Sources */,
				DEFF64151F7E2FF300230AD3 /* main.m in Sources */,
				0D2429F4228ED2490075C549 /* MainTableViewController.m in Sources */,
				DEFF64071F7E2FF300230AD3 /* AppDelegate.m in Sources */,
			);
			runOnlyForDeploymentPostprocessing = 0;
		};
/* End PBXSourcesBuildPhase section */

/* Begin PBXVariantGroup section */
		DEFF640B1F7E2FF300230AD3 /* Main.storyboard */ = {
			isa = PBXVariantGroup;
			children = (
				DEFF640C1F7E2FF300230AD3 /* Base */,
			);
			name = Main.storyboard;
			sourceTree = "<group>";
		};
/* End PBXVariantGroup section */

/* Begin XCBuildConfiguration section */
		DEFF64161F7E2FF300230AD3 /* Debug */ = {
			isa = XCBuildConfiguration;
			buildSettings = {
				ALWAYS_SEARCH_USER_PATHS = NO;
				CLANG_ANALYZER_NONNULL = YES;
				CLANG_ANALYZER_NUMBER_OBJECT_CONVERSION = YES_AGGRESSIVE;
				CLANG_CXX_LANGUAGE_STANDARD = "gnu++14";
				CLANG_CXX_LIBRARY = "libc++";
				CLANG_ENABLE_MODULES = YES;
				CLANG_ENABLE_OBJC_ARC = YES;
				CLANG_WARN_BLOCK_CAPTURE_AUTORELEASING = YES;
				CLANG_WARN_BOOL_CONVERSION = YES;
				CLANG_WARN_COMMA = YES;
				CLANG_WARN_CONSTANT_CONVERSION = YES;
				CLANG_WARN_DIRECT_OBJC_ISA_USAGE = YES_ERROR;
				CLANG_WARN_DOCUMENTATION_COMMENTS = YES;
				CLANG_WARN_EMPTY_BODY = YES;
				CLANG_WARN_ENUM_CONVERSION = YES;
				CLANG_WARN_INFINITE_RECURSION = YES;
				CLANG_WARN_INT_CONVERSION = YES;
				CLANG_WARN_NON_LITERAL_NULL_CONVERSION = YES;
				CLANG_WARN_OBJC_LITERAL_CONVERSION = YES;
				CLANG_WARN_OBJC_ROOT_CLASS = YES_ERROR;
				CLANG_WARN_RANGE_LOOP_ANALYSIS = YES;
				CLANG_WARN_STRICT_PROTOTYPES = YES;
				CLANG_WARN_SUSPICIOUS_MOVE = YES;
				CLANG_WARN_UNGUARDED_AVAILABILITY = YES_AGGRESSIVE;
				CLANG_WARN_UNREACHABLE_CODE = YES;
				CLANG_WARN__DUPLICATE_METHOD_MATCH = YES;
				CODE_SIGN_IDENTITY = "iPhone Developer";
				COPY_PHASE_STRIP = NO;
				DEBUG_INFORMATION_FORMAT = dwarf;
				ENABLE_STRICT_OBJC_MSGSEND = YES;
				ENABLE_TESTABILITY = YES;
				GCC_C_LANGUAGE_STANDARD = gnu11;
				GCC_DYNAMIC_NO_PIC = NO;
				GCC_NO_COMMON_BLOCKS = YES;
				GCC_OPTIMIZATION_LEVEL = 0;
				GCC_PREPROCESSOR_DEFINITIONS = (
					"DEBUG=1",
					"$(inherited)",
				);
				GCC_WARN_64_TO_32_BIT_CONVERSION = YES;
				GCC_WARN_ABOUT_RETURN_TYPE = YES_ERROR;
				GCC_WARN_UNDECLARED_SELECTOR = YES;
				GCC_WARN_UNINITIALIZED_AUTOS = YES_AGGRESSIVE;
				GCC_WARN_UNUSED_FUNCTION = YES;
				GCC_WARN_UNUSED_VARIABLE = YES;
				IPHONEOS_DEPLOYMENT_TARGET = 11.0;
				MTL_ENABLE_DEBUG_INFO = YES;
				ONLY_ACTIVE_ARCH = YES;
				SDKROOT = iphoneos;
			};
			name = Debug;
		};
		DEFF64171F7E2FF300230AD3 /* Release */ = {
			isa = XCBuildConfiguration;
			buildSettings = {
				ALWAYS_SEARCH_USER_PATHS = NO;
				CLANG_ANALYZER_NONNULL = YES;
				CLANG_ANALYZER_NUMBER_OBJECT_CONVERSION = YES_AGGRESSIVE;
				CLANG_CXX_LANGUAGE_STANDARD = "gnu++14";
				CLANG_CXX_LIBRARY = "libc++";
				CLANG_ENABLE_MODULES = YES;
				CLANG_ENABLE_OBJC_ARC = YES;
				CLANG_WARN_BLOCK_CAPTURE_AUTORELEASING = YES;
				CLANG_WARN_BOOL_CONVERSION = YES;
				CLANG_WARN_COMMA = YES;
				CLANG_WARN_CONSTANT_CONVERSION = YES;
				CLANG_WARN_DIRECT_OBJC_ISA_USAGE = YES_ERROR;
				CLANG_WARN_DOCUMENTATION_COMMENTS = YES;
				CLANG_WARN_EMPTY_BODY = YES;
				CLANG_WARN_ENUM_CONVERSION = YES;
				CLANG_WARN_INFINITE_RECURSION = YES;
				CLANG_WARN_INT_CONVERSION = YES;
				CLANG_WARN_NON_LITERAL_NULL_CONVERSION = YES;
				CLANG_WARN_OBJC_LITERAL_CONVERSION = YES;
				CLANG_WARN_OBJC_ROOT_CLASS = YES_ERROR;
				CLANG_WARN_RANGE_LOOP_ANALYSIS = YES;
				CLANG_WARN_STRICT_PROTOTYPES = YES;
				CLANG_WARN_SUSPICIOUS_MOVE = YES;
				CLANG_WARN_UNGUARDED_AVAILABILITY = YES_AGGRESSIVE;
				CLANG_WARN_UNREACHABLE_CODE = YES;
				CLANG_WARN__DUPLICATE_METHOD_MATCH = YES;
				CODE_SIGN_IDENTITY = "iPhone Developer";
				COPY_PHASE_STRIP = NO;
				DEBUG_INFORMATION_FORMAT = "dwarf-with-dsym";
				ENABLE_NS_ASSERTIONS = NO;
				ENABLE_STRICT_OBJC_MSGSEND = YES;
				GCC_C_LANGUAGE_STANDARD = gnu11;
				GCC_NO_COMMON_BLOCKS = YES;
				GCC_WARN_64_TO_32_BIT_CONVERSION = YES;
				GCC_WARN_ABOUT_RETURN_TYPE = YES_ERROR;
				GCC_WARN_UNDECLARED_SELECTOR = YES;
				GCC_WARN_UNINITIALIZED_AUTOS = YES_AGGRESSIVE;
				GCC_WARN_UNUSED_FUNCTION = YES;
				GCC_WARN_UNUSED_VARIABLE = YES;
				IPHONEOS_DEPLOYMENT_TARGET = 11.0;
				MTL_ENABLE_DEBUG_INFO = NO;
				SDKROOT = iphoneos;
				VALIDATE_PRODUCT = YES;
			};
			name = Release;
		};
		DEFF64191F7E2FF300230AD3 /* Debug */ = {
			isa = XCBuildConfiguration;
			buildSettings = {
				ASSETCATALOG_COMPILER_APPICON_NAME = AppIcon;
				CLANG_WARN_DOCUMENTATION_COMMENTS = NO;
				CODE_SIGN_ENTITLEMENTS = iOSNotificationPush/iOSNotificationPush.entitlements;
				CODE_SIGN_STYLE = Automatic;
				DEVELOPMENT_TEAM = ALAK6VG32W;
				INFOPLIST_FILE = iOSNotificationPush/Info.plist;
				IPHONEOS_DEPLOYMENT_TARGET = 8.0;
				LD_RUNPATH_SEARCH_PATHS = "$(inherited) @executable_path/Frameworks";
				PRODUCT_BUNDLE_IDENTIFIER = com.qway.apnspush;
				PRODUCT_NAME = "$(TARGET_NAME)";
				TARGETED_DEVICE_FAMILY = "1,2";
			};
			name = Debug;
		};
		DEFF641A1F7E2FF300230AD3 /* Release */ = {
			isa = XCBuildConfiguration;
			buildSettings = {
				ASSETCATALOG_COMPILER_APPICON_NAME = AppIcon;
				CLANG_WARN_DOCUMENTATION_COMMENTS = NO;
				CODE_SIGN_ENTITLEMENTS = iOSNotificationPush/iOSNotificationPush.entitlements;
				CODE_SIGN_STYLE = Automatic;
				DEVELOPMENT_TEAM = ALAK6VG32W;
				INFOPLIST_FILE = iOSNotificationPush/Info.plist;
				IPHONEOS_DEPLOYMENT_TARGET = 8.0;
				LD_RUNPATH_SEARCH_PATHS = "$(inherited) @executable_path/Frameworks";
				PRODUCT_BUNDLE_IDENTIFIER = com.qway.apnspush;
				PRODUCT_NAME = "$(TARGET_NAME)";
				TARGETED_DEVICE_FAMILY = "1,2";
			};
			name = Release;
		};
/* End XCBuildConfiguration section */

/* Begin XCConfigurationList section */
		DEFF63FD1F7E2FF300230AD3 /* Build configuration list for PBXProject "iOSNotificationPush" */ = {
			isa = XCConfigurationList;
			buildConfigurations = (
				DEFF64161F7E2FF300230AD3 /* Debug */,
				DEFF64171F7E2FF300230AD3 /* Release */,
			);
			defaultConfigurationIsVisible = 0;
			defaultConfigurationName = Release;
		};
		DEFF64181F7E2FF300230AD3 /* Build configuration list for PBXNativeTarget "iOSNotificationPush" */ = {
			isa = XCConfigurationList;
			buildConfigurations = (
				DEFF64191F7E2FF300230AD3 /* Debug */,
				DEFF641A1F7E2FF300230AD3 /* Release */,
			);
			defaultConfigurationIsVisible = 0;
			defaultConfigurationName = Release;
		};
/* End XCConfigurationList section */
	};
	rootObject = DEFF63FA1F7E2FF300230AD3 /* Project object */;
}
